
Microsoft Visual Studio Solution File, Format Version 12.00
# Visual Studio Version 17
VisualStudioVersion = 17.0.31903.59
MinimumVisualStudioVersion = 10.0.40219.1
Project("{2150E333-8FDC-42A3-9474-1A3956D46DE8}") = "src", "src", "{827E0CD3-B72D-47B6-A68D-7590B98EB39B}"
EndProject
Project("{FAE04EC0-301F-11D3-BF4B-00C04F79EFBC}") = "ApprovalSchemeProcess.Domain", "src\ApprovalSchemeProcess.Domain\ApprovalSchemeProcess.Domain.csproj", "{11256423-2C86-4400-AF86-F1537B5740E0}"
EndProject
Project("{FAE04EC0-301F-11D3-BF4B-00C04F79EFBC}") = "ApprovalSchemeProcess.Application", "src\ApprovalSchemeProcess.Application\ApprovalSchemeProcess.Application.csproj", "{DABA84E3-8DE8-4249-B200-6F398D2A0981}"
EndProject
Project("{FAE04EC0-301F-11D3-BF4B-00C04F79EFBC}") = "ApprovalSchemeProcess.Infrastructure", "src\ApprovalSchemeProcess.Infrastructure\ApprovalSchemeProcess.Infrastructure.csproj", "{FCF9F15A-07AA-45FA-9888-A09B4DEAB8EF}"
EndProject
Project("{FAE04EC0-301F-11D3-BF4B-00C04F79EFBC}") = "ApprovalSchemeProcess.Api", "src\ApprovalSchemeProcess.Api\ApprovalSchemeProcess.Api.csproj", "{EAE0330F-14BA-45F1-857F-62CA55FBBB17}"
EndProject
Project("{2150E333-8FDC-42A3-9474-1A3956D46DE8}") = "tests", "tests", "{0AB3BF05-4346-4AA6-1389-037BE0695223}"
EndProject
Project("{FAE04EC0-301F-11D3-BF4B-00C04F79EFBC}") = "ApprovalSchemeProcess.UnitTests", "tests\ApprovalSchemeProcess.UnitTests\ApprovalSchemeProcess.UnitTests.csproj", "{3A7AEB88-E514-4FA3-A6D1-ABE942081382}"
EndProject
Project("{FAE04EC0-301F-11D3-BF4B-00C04F79EFBC}") = "ApprovalSchemeProcess.IntegrationTests", "tests\ApprovalSchemeProcess.IntegrationTests\ApprovalSchemeProcess.IntegrationTests.csproj", "{B97BB67C-1159-4C3F-9E87-710DFEB8564B}"
EndProject
Project("{FAE04EC0-301F-11D3-BF4B-00C04F79EFBC}") = "ApprovalSchemeProcess.ArchitectureTests", "tests\ApprovalSchemeProcess.ArchitectureTests\ApprovalSchemeProcess.ArchitectureTests.csproj", "{48C2F550-AF1D-4AA9-9EF7-BD8A8B0D1226}"
EndProject
Global
	GlobalSection(SolutionConfigurationPlatforms) = preSolution
		Debug|Any CPU = Debug|Any CPU
		Debug|x64 = Debug|x64
		Debug|x86 = Debug|x86
		Release|Any CPU = Release|Any CPU
		Release|x64 = Release|x64
		Release|x86 = Release|x86
	EndGlobalSection
	GlobalSection(ProjectConfigurationPlatforms) = postSolution
		{11256423-2C86-4400-AF86-F1537B5740E0}.Debug|Any CPU.ActiveCfg = Debug|Any CPU
		{11256423-2C86-4400-AF86-F1537B5740E0}.Debug|Any CPU.Build.0 = Debug|Any CPU
		{11256423-2C86-4400-AF86-F1537B5740E0}.Debug|x64.ActiveCfg = Debug|Any CPU
		{11256423-2C86-4400-AF86-F1537B5740E0}.Debug|x64.Build.0 = Debug|Any CPU
		{11256423-2C86-4400-AF86-F1537B5740E0}.Debug|x86.ActiveCfg = Debug|Any CPU
		{11256423-2C86-4400-AF86-F1537B5740E0}.Debug|x86.Build.0 = Debug|Any CPU
		{11256423-2C86-4400-AF86-F1537B5740E0}.Release|Any CPU.ActiveCfg = Release|Any CPU
		{11256423-2C86-4400-AF86-F1537B5740E0}.Release|Any CPU.Build.0 = Release|Any CPU
		{11256423-2C86-4400-AF86-F1537B5740E0}.Release|x64.ActiveCfg = Release|Any CPU
		{11256423-2C86-4400-AF86-F1537B5740E0}.Release|x64.Build.0 = Release|Any CPU
		{11256423-2C86-4400-AF86-F1537B5740E0}.Release|x86.ActiveCfg = Release|Any CPU
		{11256423-2C86-4400-AF86-F1537B5740E0}.Release|x86.Build.0 = Release|Any CPU
		{DABA84E3-8DE8-4249-B200-6F398D2A0981}.Debug|Any CPU.ActiveCfg = Debug|Any CPU
		{DABA84E3-8DE8-4249-B200-6F398D2A0981}.Debug|Any CPU.Build.0 = Debug|Any CPU
		{DABA84E3-8DE8-4249-B200-6F398D2A0981}.Debug|x64.ActiveCfg = Debug|Any CPU
		{DABA84E3-8DE8-4249-B200-6F398D2A0981}.Debug|x64.Build.0 = Debug|Any CPU
		{DABA84E3-8DE8-4249-B200-6F398D2A0981}.Debug|x86.ActiveCfg = Debug|Any CPU
		{DABA84E3-8DE8-4249-B200-6F398D2A0981}.Debug|x86.Build.0 = Debug|Any CPU
		{DABA84E3-8DE8-4249-B200-6F398D2A0981}.Release|Any CPU.ActiveCfg = Release|Any CPU
		{DABA84E3-8DE8-4249-B200-6F398D2A0981}.Release|Any CPU.Build.0 = Release|Any CPU
		{DABA84E3-8DE8-4249-B200-6F398D2A0981}.Release|x64.ActiveCfg = Release|Any CPU
		{DABA84E3-8DE8-4249-B200-6F398D2A0981}.Release|x64.Build.0 = Release|Any CPU
		{DABA84E3-8DE8-4249-B200-6F398D2A0981}.Release|x86.ActiveCfg = Release|Any CPU
		{DABA84E3-8DE8-4249-B200-6F398D2A0981}.Release|x86.Build.0 = Release|Any CPU
		{FCF9F15A-07AA-45FA-9888-A09B4DEAB8EF}.Debug|Any CPU.ActiveCfg = Debug|Any CPU
		{FCF9F15A-07AA-45FA-9888-A09B4DEAB8EF}.Debug|Any CPU.Build.0 = Debug|Any CPU
		{FCF9F15A-07AA-45FA-9888-A09B4DEAB8EF}.Debug|x64.ActiveCfg = Debug|Any CPU
		{FCF9F15A-07AA-45FA-9888-A09B4DEAB8EF}.Debug|x64.Build.0 = Debug|Any CPU
		{FCF9F15A-07AA-45FA-9888-A09B4DEAB8EF}.Debug|x86.ActiveCfg = Debug|Any CPU
		{FCF9F15A-07AA-45FA-9888-A09B4DEAB8EF}.Debug|x86.Build.0 = Debug|Any CPU
		{FCF9F15A-07AA-45FA-9888-A09B4DEAB8EF}.Release|Any CPU.ActiveCfg = Release|Any CPU
		{FCF9F15A-07AA-45FA-9888-A09B4DEAB8EF}.Release|Any CPU.Build.0 = Release|Any CPU
		{FCF9F15A-07AA-45FA-9888-A09B4DEAB8EF}.Release|x64.ActiveCfg = Release|Any CPU
		{FCF9F15A-07AA-45FA-9888-A09B4DEAB8EF}.Release|x64.Build.0 = Release|Any CPU
		{FCF9F15A-07AA-45FA-9888-A09B4DEAB8EF}.Release|x86.ActiveCfg = Release|Any CPU
		{FCF9F15A-07AA-45FA-9888-A09B4DEAB8EF}.Release|x86.Build.0 = Release|Any CPU
		{EAE0330F-14BA-45F1-857F-62CA55FBBB17}.Debug|Any CPU.ActiveCfg = Debug|Any CPU
		{EAE0330F-14BA-45F1-857F-62CA55FBBB17}.Debug|Any CPU.Build.0 = Debug|Any CPU
		{EAE0330F-14BA-45F1-857F-62CA55FBBB17}.Debug|x64.ActiveCfg = Debug|Any CPU
		{EAE0330F-14BA-45F1-857F-62CA55FBBB17}.Debug|x64.Build.0 = Debug|Any CPU
		{EAE0330F-14BA-45F1-857F-62CA55FBBB17}.Debug|x86.ActiveCfg = Debug|Any CPU
		{EAE0330F-14BA-45F1-857F-62CA55FBBB17}.Debug|x86.Build.0 = Debug|Any CPU
		{EAE0330F-14BA-45F1-857F-62CA55FBBB17}.Release|Any CPU.ActiveCfg = Release|Any CPU
		{EAE0330F-14BA-45F1-857F-62CA55FBBB17}.Release|Any CPU.Build.0 = Release|Any CPU
		{EAE0330F-14BA-45F1-857F-62CA55FBBB17}.Release|x64.ActiveCfg = Release|Any CPU
		{EAE0330F-14BA-45F1-857F-62CA55FBBB17}.Release|x64.Build.0 = Release|Any CPU
		{EAE0330F-14BA-45F1-857F-62CA55FBBB17}.Release|x86.ActiveCfg = Release|Any CPU
		{EAE0330F-14BA-45F1-857F-62CA55FBBB17}.Release|x86.Build.0 = Release|Any CPU
		{3A7AEB88-E514-4FA3-A6D1-ABE942081382}.Debug|Any CPU.ActiveCfg = Debug|Any CPU
		{3A7AEB88-E514-4FA3-A6D1-ABE942081382}.Debug|Any CPU.Build.0 = Debug|Any CPU
		{3A7AEB88-E514-4FA3-A6D1-ABE942081382}.Debug|x64.ActiveCfg = Debug|Any CPU
		{3A7AEB88-E514-4FA3-A6D1-ABE942081382}.Debug|x64.Build.0 = Debug|Any CPU
		{3A7AEB88-E514-4FA3-A6D1-ABE942081382}.Debug|x86.ActiveCfg = Debug|Any CPU
		{3A7AEB88-E514-4FA3-A6D1-ABE942081382}.Debug|x86.Build.0 = Debug|Any CPU
		{3A7AEB88-E514-4FA3-A6D1-ABE942081382}.Release|Any CPU.ActiveCfg = Release|Any CPU
		{3A7AEB88-E514-4FA3-A6D1-ABE942081382}.Release|Any CPU.Build.0 = Release|Any CPU
		{3A7AEB88-E514-4FA3-A6D1-ABE942081382}.Release|x64.ActiveCfg = Release|Any CPU
		{3A7AEB88-E514-4FA3-A6D1-ABE942081382}.Release|x64.Build.0 = Release|Any CPU
		{3A7AEB88-E514-4FA3-A6D1-ABE942081382}.Release|x86.ActiveCfg = Release|Any CPU
		{3A7AEB88-E514-4FA3-A6D1-ABE942081382}.Release|x86.Build.0 = Release|Any CPU
		{B97BB67C-1159-4C3F-9E87-710DFEB8564B}.Debug|Any CPU.ActiveCfg = Debug|Any CPU
		{B97BB67C-1159-4C3F-9E87-710DFEB8564B}.Debug|Any CPU.Build.0 = Debug|Any CPU
		{B97BB67C-1159-4C3F-9E87-710DFEB8564B}.Debug|x64.ActiveCfg = Debug|Any CPU
		{B97BB67C-1159-4C3F-9E87-710DFEB8564B}.Debug|x64.Build.0 = Debug|Any CPU
		{B97BB67C-1159-4C3F-9E87-710DFEB8564B}.Debug|x86.ActiveCfg = Debug|Any CPU
		{B97BB67C-1159-4C3F-9E87-710DFEB8564B}.Debug|x86.Build.0 = Debug|Any CPU
		{B97BB67C-1159-4C3F-9E87-710DFEB8564B}.Release|Any CPU.ActiveCfg = Release|Any CPU
		{B97BB67C-1159-4C3F-9E87-710DFEB8564B}.Release|Any CPU.Build.0 = Release|Any CPU
		{B97BB67C-1159-4C3F-9E87-710DFEB8564B}.Release|x64.ActiveCfg = Release|Any CPU
		{B97BB67C-1159-4C3F-9E87-710DFEB8564B}.Release|x64.Build.0 = Release|Any CPU
		{B97BB67C-1159-4C3F-9E87-710DFEB8564B}.Release|x86.ActiveCfg = Release|Any CPU
		{B97BB67C-1159-4C3F-9E87-710DFEB8564B}.Release|x86.Build.0 = Release|Any CPU
		{48C2F550-AF1D-4AA9-9EF7-BD8A8B0D1226}.Debug|Any CPU.ActiveCfg = Debug|Any CPU
		{48C2F550-AF1D-4AA9-9EF7-BD8A8B0D1226}.Debug|Any CPU.Build.0 = Debug|Any CPU
		{48C2F550-AF1D-4AA9-9EF7-BD8A8B0D1226}.Debug|x64.ActiveCfg = Debug|Any CPU
		{48C2F550-AF1D-4AA9-9EF7-BD8A8B0D1226}.Debug|x64.Build.0 = Debug|Any CPU
		{48C2F550-AF1D-4AA9-9EF7-BD8A8B0D1226}.Debug|x86.ActiveCfg = Debug|Any CPU
		{48C2F550-AF1D-4AA9-9EF7-BD8A8B0D1226}.Debug|x86.Build.0 = Debug|Any CPU
		{48C2F550-AF1D-4AA9-9EF7-BD8A8B0D1226}.Release|Any CPU.ActiveCfg = Release|Any CPU
		{48C2F550-AF1D-4AA9-9EF7-BD8A8B0D1226}.Release|Any CPU.Build.0 = Release|Any CPU
		{48C2F550-AF1D-4AA9-9EF7-BD8A8B0D1226}.Release|x64.ActiveCfg = Release|Any CPU
		{48C2F550-AF1D-4AA9-9EF7-BD8A8B0D1226}.Release|x64.Build.0 = Release|Any CPU
		{48C2F550-AF1D-4AA9-9EF7-BD8A8B0D1226}.Release|x86.ActiveCfg = Release|Any CPU
		{48C2F550-AF1D-4AA9-9EF7-BD8A8B0D1226}.Release|x86.Build.0 = Release|Any CPU
	EndGlobalSection
	GlobalSection(SolutionProperties) = preSolution
		HideSolutionNode = FALSE
	EndGlobalSection
	GlobalSection(NestedProjects) = preSolution
		{11256423-2C86-4400-AF86-F1537B5740E0} = {827E0CD3-B72D-47B6-A68D-7590B98EB39B}
		{DABA84E3-8DE8-4249-B200-6F398D2A0981} = {827E0CD3-B72D-47B6-A68D-7590B98EB39B}
		{FCF9F15A-07AA-45FA-9888-A09B4DEAB8EF} = {827E0CD3-B72D-47B6-A68D-7590B98EB39B}
		{EAE0330F-14BA-45F1-857F-62CA55FBBB17} = {827E0CD3-B72D-47B6-A68D-7590B98EB39B}
		{3A7AEB88-E514-4FA3-A6D1-ABE942081382} = {0AB3BF05-4346-4AA6-1389-037BE0695223}
		{B97BB67C-1159-4C3F-9E87-710DFEB8564B} = {0AB3BF05-4346-4AA6-1389-037BE0695223}
		{48C2F550-AF1D-4AA9-9EF7-BD8A8B0D1226} = {0AB3BF05-4346-4AA6-1389-037BE0695223}
	EndGlobalSection
EndGlobal
